
Microsoft Visual Studio Solution File, Format Version 12.00
# Visual Studio Version 17
VisualStudioVersion = 17.11.35219.272
MinimumVisualStudioVersion = 10.0.40219.1
Project("{FAE04EC0-301F-11D3-BF4B-00C04F79EFBC}") = "EmployeeTree", "EmployeeTree.csproj", "{7BC1D175-EFE9-4E3E-941B-D16A13384DE0}"
EndProject
Global
	GlobalSection(SolutionConfigurationPlatforms) = preSolution
		Debug|Any CPU = Debug|Any CPU
		Release|Any CPU = Release|Any CPU
	EndGlobalSection
	GlobalSection(ProjectConfigurationPlatforms) = postSolution
		{7BC1D175-EFE9-4E3E-941B-D16A13384DE0}.Debug|Any CPU.ActiveCfg = Debug|Any CPU
		{7BC1D175-EFE9-4E3E-941B-D16A13384DE0}.Debug|Any CPU.Build.0 = Debug|Any CPU
		{7BC1D175-EFE9-4E3E-941B-D16A13384DE0}.Release|Any CPU.ActiveCfg = Release|Any CPU
		{7BC1D175-EFE9-4E3E-941B-D16A13384DE0}.Release|Any CPU.Build.0 = Release|Any CPU
	EndGlobalSection
	GlobalSection(SolutionProperties) = preSolution
		HideSolutionNode = FALSE
	EndGlobalSection
	GlobalSection(ExtensibilityGlobals) = postSolution
		SolutionGuid = {C194D5F2-988F-422B-90BE-CEC602EA6A02}
	EndGlobalSection
EndGlobal
